{
  "name": "khujxyz",
  "version": "0.0.1",
  "lockfileVersion": 1,
  "requires": true,
  "dependencies": {
    "@babel/helper-validator-identifier": {
      "version": "7.14.8",
      "resolved": "https://registry.npmjs.org/@babel/helper-validator-identifier/-/helper-validator-identifier-7.14.8.tgz",
      "integrity": "sha512-ZGy6/XQjllhYQrNw/3zfWRwZCTVSiBLZ9DHVZxn9n2gip/7ab8mv2TWlKPIBk26RwedCBoWdjLmn+t9na2Gcow=="
    },
    "@babel/parser": {
      "version": "7.14.8",
      "resolved": "https://registry.npmjs.org/@babel/parser/-/parser-7.14.8.tgz",
      "integrity": "sha512-syoCQFOoo/fzkWDeM0dLEZi5xqurb5vuyzwIMNZRNun+N/9A4cUZeQaE7dTrB8jGaKuJRBtEOajtnmw0I5hvvA=="
    },
    "@babel/types": {
      "version": "7.14.8",
      "resolved": "https://registry.npmjs.org/@babel/types/-/types-7.14.8.tgz",
      "integrity": "sha512-iob4soQa7dZw8nodR/KlOQkPh9S4I8RwCxwRIFuiMRYjOzH/KJzdUfDgz6cGi5dDaclXF4P2PAhCdrBJNIg68Q==",
      "requires": {
        "@babel/helper-validator-identifier": "^7.14.8",
        "to-fast-properties": "^2.0.0"
      }
    },
    "@capacitor/app": {
      "version": "1.0.2",
      "resolved": "https://registry.npmjs.org/@capacitor/app/-/app-1.0.2.tgz",
      "integrity": "sha512-P9PInUnUdkiqYk+7wzd51Oe6AzJ4KyKDRFVebDMGo7UgHFuK2ogDTDLabrv9XQUV1Zk2tXvpEoGmw46dd+2Img=="
    },
    "@capacitor/core": {
      "version": "3.1.2",
      "resolved": "https://registry.npmjs.org/@capacitor/core/-/core-3.1.2.tgz",
      "integrity": "sha512-cMqDY4JTNtyonqVPYxHqbmN3M3jlEBnQxecptlR+6yk/ZuhUwOJTHT1ActXRLyrQ8XIc74+9Yd37fwjWckSwFg==",
      "requires": {
        "tslib": "^2.1.0"
      }
    },
    "@capacitor/haptics": {
      "version": "1.0.2",
      "resolved": "https://registry.npmjs.org/@capacitor/haptics/-/haptics-1.0.2.tgz",
      "integrity": "sha512-ex629YmC439cqJcBX0HRTLtQ5lRc+Grx2/EPDLPEK33aTMcwplOsY8IQdjKL2pmO44AX4BmYtztui14Mf89q/g=="
    },
    "@capacitor/keyboard": {
      "version": "1.0.2",
      "resolved": "https://registry.npmjs.org/@capacitor/keyboard/-/keyboard-1.0.2.tgz",
      "integrity": "sha512-JdIkYXfrfiuP/iLxO65GJe8rY+VcCoGesPzu/eMHRoWOuRyRcwjw9AtVOPyAXj4qPq1bbmGB8if/m2/R1S1X9A=="
    },
    "@capacitor/status-bar": {
      "version": "1.0.2",
      "resolved": "https://registry.npmjs.org/@capacitor/status-bar/-/status-bar-1.0.2.tgz",
      "integrity": "sha512-NgAZIw8Uq2lm6Ln1lWipAqi/YxqIDd92boO4k81Z1WMOdZJt6oLxZB8LfJRDLXU7xNkpW97zHcNBf5pIXJIFqw=="
    },
    "@ionic/core": {
      "version": "5.6.12",
      "resolved": "https://registry.npmjs.org/@ionic/core/-/core-5.6.12.tgz",
      "integrity": "sha512-qFQ8r0kdI2p5wT72EQOwBrIts7XD1qA7/vCR7OlHPTA+VDyiYSzpLcWcFZHzdXKQzbn7hYbCJr3IsBNmBYrZ1g==",
      "requires": {
        "@stencil/core": "^2.4.0",
        "ionicons": "^5.5.1",
        "tslib": "^2.1.0"
      }
    },
    "@ionic/vue": {
      "version": "5.6.12",
      "resolved": "https://registry.npmjs.org/@ionic/vue/-/vue-5.6.12.tgz",
      "integrity": "sha512-0zl3CxXs45E0bXyIaTC1Zp/d6feoDuvPJ3BqFJw6gj7CbgY5EG2g8kgEK4WsKVIR33Q0lO8v6BEhv/nkNin2Fw==",
      "requires": {
        "@ionic/core": "5.6.12",
        "ionicons": "^5.1.2"
      }
    },
    "@ionic/vue-router": {
      "version": "5.6.12",
      "resolved": "https://registry.npmjs.org/@ionic/vue-router/-/vue-router-5.6.12.tgz",
      "integrity": "sha512-7u7ofTVkE7tgI1pL+PLLAoXzO0zg0w7Cp5EAGm5QuL3Dkj7Nlj6+6OdgUrY9AQB0FOdxyh2nvFdlHOPKMbhLSA=="
    },
    "@stencil/core": {
      "version": "2.6.0",
      "resolved": "https://registry.npmjs.org/@stencil/core/-/core-2.6.0.tgz",
      "integrity": "sha512-QsxWayZyusnqSZrlCl81R71rA3KqFjVVQSH4E0rGN15F1GdQaFonKlHLyCOLKLig1zzC+DQkLLiUuocexuvdeQ=="
    },
    "@vue/compiler-core": {
      "version": "3.1.5",
      "resolved": "https://registry.npmjs.org/@vue/compiler-core/-/compiler-core-3.1.5.tgz",
      "integrity": "sha512-TXBhFinoBaXKDykJzY26UEuQU1K07FOp/0Ie+OXySqqk0bS0ZO7Xvl7UmiTUPYcLrWbxWBR7Bs/y55AI0MNc2Q==",
      "requires": {
        "@babel/parser": "^7.12.0",
        "@babel/types": "^7.12.0",
        "@vue/shared": "3.1.5",
        "estree-walker": "^2.0.1",
        "source-map": "^0.6.1"
      }
    },
    "@vue/compiler-dom": {
      "version": "3.1.5",
      "resolved": "https://registry.npmjs.org/@vue/compiler-dom/-/compiler-dom-3.1.5.tgz",
      "integrity": "sha512-ZsL3jqJ52OjGU/YiT/9XiuZAmWClKInZM2aFJh9gnsAPqOrj2JIELMbkIFpVKR/CrVO/f2VxfPiiQdQTr65jcQ==",
      "requires": {
        "@vue/compiler-core": "3.1.5",
        "@vue/shared": "3.1.5"
      }
    },
    "@vue/devtools-api": {
      "version": "6.0.0-beta.15",
      "resolved": "https://registry.npmjs.org/@vue/devtools-api/-/devtools-api-6.0.0-beta.15.tgz",
      "integrity": "sha512-quBx4Jjpexo6KDiNUGFr/zF/2A4srKM9S9v2uHgMXSU//hjgq1eGzqkIFql8T9gfX5ZaVOUzYBP3jIdIR3PKIA=="
    },
    "@vue/reactivity": {
      "version": "3.1.5",
      "resolved": "https://registry.npmjs.org/@vue/reactivity/-/reactivity-3.1.5.tgz",
      "integrity": "sha512-1tdfLmNjWG6t/CsPldh+foumYFo3cpyCHgBYQ34ylaMsJ+SNHQ1kApMIa8jN+i593zQuaw3AdWH0nJTARzCFhg==",
      "requires": {
        "@vue/shared": "3.1.5"
      }
    },
    "@vue/runtime-core": {
      "version": "3.1.5",
      "resolved": "https://registry.npmjs.org/@vue/runtime-core/-/runtime-core-3.1.5.tgz",
      "integrity": "sha512-YQbG5cBktN1RowQDKA22itmvQ+b40f0WgQ6CXK4VYoYICAiAfu6Cc14777ve8zp1rJRGtk5oIeS149TOculrTg==",
      "requires": {
        "@vue/reactivity": "3.1.5",
        "@vue/shared": "3.1.5"
      }
    },
    "@vue/runtime-dom": {
      "version": "3.1.5",
      "resolved": "https://registry.npmjs.org/@vue/runtime-dom/-/runtime-dom-3.1.5.tgz",
      "integrity": "sha512-tNcf3JhVR0RfW0kw1p8xZgv30nvX8Y9rsz7eiQ0dHe273sfoCngAG0y4GvMaY4Xd8FsjUwFedd4suQ8Lu8meXg==",
      "requires": {
        "@vue/runtime-core": "3.1.5",
        "@vue/shared": "3.1.5",
        "csstype": "^2.6.8"
      }
    },
    "@vue/shared": {
      "version": "3.1.5",
      "resolved": "https://registry.npmjs.org/@vue/shared/-/shared-3.1.5.tgz",
      "integrity": "sha512-oJ4F3TnvpXaQwZJNF3ZK+kLPHKarDmJjJ6jyzVNDKH9md1dptjC7lWR//jrGuLdek/U6iltWxqAnYOu8gCiOvA=="
    },
    "core-js": {
      "version": "3.15.2",
      "resolved": "https://registry.npmjs.org/core-js/-/core-js-3.15.2.tgz",
      "integrity": "sha512-tKs41J7NJVuaya8DxIOCnl8QuPHx5/ZVbFo1oKgVl1qHFBBrDctzQGtuLjPpRdNTWmKPH6oEvgN/MUID+l485Q=="
    },
    "csstype": {
      "version": "2.6.17",
      "resolved": "https://registry.npmjs.org/csstype/-/csstype-2.6.17.tgz",
      "integrity": "sha512-u1wmTI1jJGzCJzWndZo8mk4wnPTZd1eOIYTYvuEyOQGfmDl3TrabCCfKnOC86FZwW/9djqTl933UF/cS425i9A=="
    },
    "estree-walker": {
      "version": "2.0.2",
      "resolved": "https://registry.npmjs.org/estree-walker/-/estree-walker-2.0.2.tgz",
      "integrity": "sha512-Rfkk/Mp/DL7JVje3u18FxFujQlTNR2q6QfMSMB7AvCBx91NGj/ba3kCfza0f6dVDbw7YlRf/nDrn7pQrCCyQ/w=="
    },
    "ionicons": {
      "version": "5.5.2",
      "resolved": "https://registry.npmjs.org/ionicons/-/ionicons-5.5.2.tgz",
      "integrity": "sha512-SHVBBtzNVQjY4jtcqKEHkqL5nIQwA/o2MIdU9JtMz8kQAB0NRVJFv5AxwmVbXXKDpxz57SiEjeLp8Uzt7jirpw==",
      "requires": {
        "@stencil/core": "^2.5.0"
      }
    },
    "source-map": {
      "version": "0.6.1",
      "resolved": "https://registry.npmjs.org/source-map/-/source-map-0.6.1.tgz",
      "integrity": "sha512-UjgapumWlbMhkBgzT7Ykc5YXUT46F0iKu8SGXq0bcwP5dz/h0Plj6enJqjz1Zbq2l5WaqYnrVbwWOWMyF3F47g=="
    },
    "to-fast-properties": {
      "version": "2.0.0",
      "resolved": "https://registry.npmjs.org/to-fast-properties/-/to-fast-properties-2.0.0.tgz",
      "integrity": "sha1-3F5pjL0HkmW8c+A3doGk5Og/YW4="
    },
    "tslib": {
      "version": "2.3.0",
      "resolved": "https://registry.npmjs.org/tslib/-/tslib-2.3.0.tgz",
      "integrity": "sha512-N82ooyxVNm6h1riLCoyS9e3fuJ3AMG2zIZs2Gd1ATcSFjSA23Q0fzjjZeh0jbJvWVDZ0cJT8yaNNaaXHzueNjg=="
    },
    "vue": {
      "version": "3.1.5",
      "resolved": "https://registry.npmjs.org/vue/-/vue-3.1.5.tgz",
      "integrity": "sha512-Ho7HNb1nfDoO+HVb6qYZgeaobt1XbY6KXFe4HGs1b9X6RhkWG/113n4/SrtM1LUclM6OrP/Se5aPHHvAPG1iVQ==",
      "requires": {
        "@vue/compiler-dom": "3.1.5",
        "@vue/runtime-dom": "3.1.5",
        "@vue/shared": "3.1.5"
      }
    },
    "vue-router": {
      "version": "4.0.10",
      "resolved": "https://registry.npmjs.org/vue-router/-/vue-router-4.0.10.tgz",
      "integrity": "sha512-YbPf6QnZpyyWfnk7CUt2Bme+vo7TLfg1nGZNkvYqKYh4vLaFw6Gn8bPGdmt5m4qrGnKoXLqc4htAsd3dIukICA==",
      "requires": {
        "@vue/devtools-api": "^6.0.0-beta.14"
      }
    }
  }
}
